
Microsoft Visual Studio Solution File, Format Version 12.00
# Visual Studio Version 16
VisualStudioVersion = 16.0.32901.84
MinimumVisualStudioVersion = 10.0.40219.1
Project("{FAE04EC0-301F-11D3-BF4B-00C04F79EFBC}") = "YANF", "YANF\YANF.csproj", "{40C18CF6-ADC1-4B18-804D-7E42EE7D6DB3}"
EndProject
Global
	GlobalSection(SolutionConfigurationPlatforms) = preSolution
		Debug|Any CPU = Debug|Any CPU
		Release|Any CPU = Release|Any CPU
	EndGlobalSection
	GlobalSection(ProjectConfigurationPlatforms) = postSolution
		{40C18CF6-ADC1-4B18-804D-7E42EE7D6DB3}.Debug|Any CPU.ActiveCfg = Debug|Any CPU
		{40C18CF6-ADC1-4B18-804D-7E42EE7D6DB3}.Debug|Any CPU.Build.0 = Debug|Any CPU
		{40C18CF6-ADC1-4B18-804D-7E42EE7D6DB3}.Release|Any CPU.ActiveCfg = Release|Any CPU
		{40C18CF6-ADC1-4B18-804D-7E42EE7D6DB3}.Release|Any CPU.Build.0 = Release|Any CPU
	EndGlobalSection
	GlobalSection(SolutionProperties) = preSolution
		HideSolutionNode = FALSE
	EndGlobalSection
	GlobalSection(ExtensibilityGlobals) = postSolution
		SolutionGuid = {5DB34657-A409-4D71-80A6-D8953E987872}
	EndGlobalSection
EndGlobal
